
Microsoft Visual Studio Solution File, Format Version 12.00
# Visual Studio Version 17
VisualStudioVersion = 17.8.34525.116
MinimumVisualStudioVersion = 10.0.40219.1
Project("{FAE04EC0-301F-11D3-BF4B-00C04F79EFBC}") = "RPA.Desafio.Fdfalcao.Aplicacao", "RPA.Desafio.Fdfalcao.Aplicacao\RPA.Desafio.Fdfalcao.Aplicacao.csproj", "{3AC1DBB9-01E7-4DBE-87DC-1B3AFC644329}"
EndProject
Project("{FAE04EC0-301F-11D3-BF4B-00C04F79EFBC}") = "RPA.Desafio.Fdfalcao.Utils", "RPA.Desafio.Fdfalcao.Utils\RPA.Desafio.Fdfalcao.Utils.csproj", "{ECC54ED6-9E0B-43DA-A42F-E85BFFAF250E}"
EndProject
Global
	GlobalSection(SolutionConfigurationPlatforms) = preSolution
		Debug|Any CPU = Debug|Any CPU
		Release|Any CPU = Release|Any CPU
	EndGlobalSection
	GlobalSection(ProjectConfigurationPlatforms) = postSolution
		{3AC1DBB9-01E7-4DBE-87DC-1B3AFC644329}.Debug|Any CPU.ActiveCfg = Debug|Any CPU
		{3AC1DBB9-01E7-4DBE-87DC-1B3AFC644329}.Debug|Any CPU.Build.0 = Debug|Any CPU
		{3AC1DBB9-01E7-4DBE-87DC-1B3AFC644329}.Release|Any CPU.ActiveCfg = Release|Any CPU
		{3AC1DBB9-01E7-4DBE-87DC-1B3AFC644329}.Release|Any CPU.Build.0 = Release|Any CPU
		{ECC54ED6-9E0B-43DA-A42F-E85BFFAF250E}.Debug|Any CPU.ActiveCfg = Debug|Any CPU
		{ECC54ED6-9E0B-43DA-A42F-E85BFFAF250E}.Debug|Any CPU.Build.0 = Debug|Any CPU
		{ECC54ED6-9E0B-43DA-A42F-E85BFFAF250E}.Release|Any CPU.ActiveCfg = Release|Any CPU
		{ECC54ED6-9E0B-43DA-A42F-E85BFFAF250E}.Release|Any CPU.Build.0 = Release|Any CPU
	EndGlobalSection
	GlobalSection(SolutionProperties) = preSolution
		HideSolutionNode = FALSE
	EndGlobalSection
	GlobalSection(ExtensibilityGlobals) = postSolution
		SolutionGuid = {840B6D57-3EE5-4EC4-89B6-1CC7E491B9DE}
	EndGlobalSection
EndGlobal
